
Microsoft Visual Studio Solution File, Format Version 12.00
# Visual Studio Version 16
VisualStudioVersion = 16.0.29521.150
MinimumVisualStudioVersion = 15.0.26124.0
Project("{9A19103F-16F7-4668-BE54-9A1E7A4F7556}") = "WeRedux", "src\WeRedux\WeRedux.csproj", "{BE5AED69-2FFA-4C92-B3DE-B24225716535}"
EndProject
Project("{9A19103F-16F7-4668-BE54-9A1E7A4F7556}") = "WeRedux.Samples", "src\WeRedux.Samples\src\WeRedux.Samples\WeRedux.Samples.csproj", "{E7D8E926-878F-4CEE-951F-5A49074A0935}"
EndProject
Project("{9A19103F-16F7-4668-BE54-9A1E7A4F7556}") = "WeRedux.BlazorTest", "src\WeRedux.BlazorTest\WeRedux.BlazorTest.csproj", "{20AB53C1-810F-4221-9E6C-4819D3E97ED9}"
EndProject
Project("{FAE04EC0-301F-11D3-BF4B-00C04F79EFBC}") = "WeReduxBlazor", "src\WeReduxBlazor\WeReduxBlazor.csproj", "{D1E3B80E-3ABB-4B65-95CD-A63A557DB1C8}"
EndProject
Global
	GlobalSection(SolutionConfigurationPlatforms) = preSolution
		Debug|Any CPU = Debug|Any CPU
		Release|Any CPU = Release|Any CPU
	EndGlobalSection
	GlobalSection(ProjectConfigurationPlatforms) = postSolution
		{BE5AED69-2FFA-4C92-B3DE-B24225716535}.Debug|Any CPU.ActiveCfg = Debug|Any CPU
		{BE5AED69-2FFA-4C92-B3DE-B24225716535}.Debug|Any CPU.Build.0 = Debug|Any CPU
		{BE5AED69-2FFA-4C92-B3DE-B24225716535}.Release|Any CPU.ActiveCfg = Release|Any CPU
		{BE5AED69-2FFA-4C92-B3DE-B24225716535}.Release|Any CPU.Build.0 = Release|Any CPU
		{E7D8E926-878F-4CEE-951F-5A49074A0935}.Debug|Any CPU.ActiveCfg = Debug|Any CPU
		{E7D8E926-878F-4CEE-951F-5A49074A0935}.Debug|Any CPU.Build.0 = Debug|Any CPU
		{E7D8E926-878F-4CEE-951F-5A49074A0935}.Release|Any CPU.ActiveCfg = Release|Any CPU
		{E7D8E926-878F-4CEE-951F-5A49074A0935}.Release|Any CPU.Build.0 = Release|Any CPU
		{20AB53C1-810F-4221-9E6C-4819D3E97ED9}.Debug|Any CPU.ActiveCfg = Debug|Any CPU
		{20AB53C1-810F-4221-9E6C-4819D3E97ED9}.Debug|Any CPU.Build.0 = Debug|Any CPU
		{20AB53C1-810F-4221-9E6C-4819D3E97ED9}.Release|Any CPU.ActiveCfg = Release|Any CPU
		{20AB53C1-810F-4221-9E6C-4819D3E97ED9}.Release|Any CPU.Build.0 = Release|Any CPU
		{D1E3B80E-3ABB-4B65-95CD-A63A557DB1C8}.Debug|Any CPU.ActiveCfg = Debug|Any CPU
		{D1E3B80E-3ABB-4B65-95CD-A63A557DB1C8}.Debug|Any CPU.Build.0 = Debug|Any CPU
		{D1E3B80E-3ABB-4B65-95CD-A63A557DB1C8}.Release|Any CPU.ActiveCfg = Release|Any CPU
		{D1E3B80E-3ABB-4B65-95CD-A63A557DB1C8}.Release|Any CPU.Build.0 = Release|Any CPU
	EndGlobalSection
	GlobalSection(SolutionProperties) = preSolution
		HideSolutionNode = FALSE
	EndGlobalSection
	GlobalSection(ExtensibilityGlobals) = postSolution
		SolutionGuid = {7F81D124-D4F4-435F-9679-FE2B2BB5F1E2}
	EndGlobalSection
EndGlobal
